<?xml version="1.0" encoding="utf-8"?>
<Project ToolsVersion="4.0" xmlns="http://schemas.microsoft.com/developer/msbuild/2003">
  <ItemGroup>
    <Filter Include="Source Files">
      <UniqueIdentifier>{4FC737F1-C7A5-4376-A066-2A32D752A2FF}</UniqueIdentifier>
      <Extensions>cpp;c;cc;cxx;def;odl;idl;hpj;bat;asm;asmx</Extensions>
    </Filter>
    <Filter Include="Header Files">
      <UniqueIdentifier>{93995380-89BD-4b04-88EB-625FBE52EBFB}</UniqueIdentifier>
      <Extensions>h;hpp;hxx;hm;inl;inc;xsd</Extensions>
    </Filter>
    <Filter Include="Resource Files">
      <UniqueIdentifier>{67DA6AB6-F800-4c08-8B7A-83BB121AAD01}</UniqueIdentifier>
      <Extensions>rc;ico;cur;bmp;dlg;rc2;rct;bin;rgs;gif;jpg;jpeg;jpe;resx;tiff;tif;png;wav</Extensions>
    </Filter>
    <Filter Include="modules">
      <UniqueIdentifier>{c4dacfb0-dd5c-4176-883a-2b76aa3501f1}</UniqueIdentifier>
    </Filter>
    <Filter Include="modules\video_output">
      <UniqueIdentifier>{8a52a42e-6d02-4422-84aa-ca97f1d31e5d}</UniqueIdentifier>
    </Filter>
    <Filter Include="modules\video_output\msw">
      <UniqueIdentifier>{2eb46a3e-eeaf-4ae5-82c5-6fe702d86c69}</UniqueIdentifier>
    </Filter>
  </ItemGroup>
  <ItemGroup>
    <ClCompile Include="direct2d.cpp">
      <Filter>Source Files</Filter>
    </ClCompile>
    <ClCompile Include="stdafx.cpp">
      <Filter>Source Files</Filter>
    </ClCompile>
    <ClCompile Include="..\..\modules\video_output\msw\common.c">
      <Filter>modules\video_output\msw</Filter>
    </ClCompile>
    <ClCompile Include="..\..\modules\video_output\msw\direct2d.c">
      <Filter>modules\video_output\msw</Filter>
    </ClCompile>
    <ClCompile Include="..\..\modules\video_output\msw\events.c">
      <Filter>modules\video_output\msw</Filter>
    </ClCompile>
  </ItemGroup>
  <ItemGroup>
    <None Include="direct2d.def">
      <Filter>Source Files</Filter>
    </None>
    <None Include="res\direct2d.rc2">
      <Filter>Resource Files</Filter>
    </None>
    <None Include="ReadMe.txt" />
  </ItemGroup>
  <ItemGroup>
    <ClInclude Include="direct2d.h">
      <Filter>Header Files</Filter>
    </ClInclude>
    <ClInclude Include="Resource.h">
      <Filter>Header Files</Filter>
    </ClInclude>
    <ClInclude Include="stdafx.h">
      <Filter>Header Files</Filter>
    </ClInclude>
  </ItemGroup>
  <ItemGroup>
    <ResourceCompile Include="direct2d.rc">
      <Filter>Resource Files</Filter>
    </ResourceCompile>
  </ItemGroup>
</Project>