<?xml version="1.0" encoding="utf-8"?>
<Project ToolsVersion="4.0" xmlns="http://schemas.microsoft.com/developer/msbuild/2003">
  <ItemGroup>
    <Filter Include="Source Files">
      <UniqueIdentifier>{4FC737F1-C7A5-4376-A066-2A32D752A2FF}</UniqueIdentifier>
      <Extensions>cpp;c;cc;cxx;def;odl;idl;hpj;bat;asm;asmx</Extensions>
    </Filter>
    <Filter Include="Header Files">
      <UniqueIdentifier>{93995380-89BD-4b04-88EB-625FBE52EBFB}</UniqueIdentifier>
      <Extensions>h;hpp;hxx;hm;inl;inc;xsd</Extensions>
    </Filter>
    <Filter Include="Resource Files">
      <UniqueIdentifier>{67DA6AB6-F800-4c08-8B7A-83BB121AAD01}</UniqueIdentifier>
      <Extensions>rc;ico;cur;bmp;dlg;rc2;rct;bin;rgs;gif;jpg;jpeg;jpe;resx;tiff;tif;png;wav</Extensions>
    </Filter>
    <Filter Include="modules">
      <UniqueIdentifier>{e23de777-fe24-4052-95ae-6b11c5ada778}</UniqueIdentifier>
    </Filter>
    <Filter Include="modules\demux">
      <UniqueIdentifier>{9c573902-c6c6-4bd4-9b83-3a88e4633e24}</UniqueIdentifier>
    </Filter>
    <Filter Include="modules\demux\playlist">
      <UniqueIdentifier>{0c246c8d-6730-4f54-a967-494a7625976b}</UniqueIdentifier>
    </Filter>
  </ItemGroup>
  <ItemGroup>
    <ClCompile Include="playlist.cpp">
      <Filter>Source Files</Filter>
    </ClCompile>
    <ClCompile Include="stdafx.cpp">
      <Filter>Source Files</Filter>
    </ClCompile>
    <ClCompile Include="..\..\modules\demux\playlist\asx.c">
      <Filter>modules\demux\playlist</Filter>
    </ClCompile>
    <ClCompile Include="..\..\modules\demux\playlist\b4s.c">
      <Filter>modules\demux\playlist</Filter>
    </ClCompile>
    <ClCompile Include="..\..\modules\demux\playlist\dvb.c">
      <Filter>modules\demux\playlist</Filter>
    </ClCompile>
    <ClCompile Include="..\..\modules\demux\playlist\gvp.c">
      <Filter>modules\demux\playlist</Filter>
    </ClCompile>
    <ClCompile Include="..\..\modules\demux\playlist\ifo.c">
      <Filter>modules\demux\playlist</Filter>
    </ClCompile>
    <ClCompile Include="..\..\modules\demux\playlist\itml.c">
      <Filter>modules\demux\playlist</Filter>
    </ClCompile>
    <ClCompile Include="..\..\modules\demux\playlist\m3u.c">
      <Filter>modules\demux\playlist</Filter>
    </ClCompile>
    <ClCompile Include="..\..\modules\demux\playlist\playlist.c">
      <Filter>modules\demux\playlist</Filter>
    </ClCompile>
    <ClCompile Include="..\..\modules\demux\playlist\pls.c">
      <Filter>modules\demux\playlist</Filter>
    </ClCompile>
    <ClCompile Include="..\..\modules\demux\playlist\podcast.c">
      <Filter>modules\demux\playlist</Filter>
    </ClCompile>
    <ClCompile Include="..\..\modules\demux\playlist\qtl.c">
      <Filter>modules\demux\playlist</Filter>
    </ClCompile>
    <ClCompile Include="..\..\modules\demux\playlist\ram.c">
      <Filter>modules\demux\playlist</Filter>
    </ClCompile>
    <ClCompile Include="..\..\modules\demux\playlist\sgimb.c">
      <Filter>modules\demux\playlist</Filter>
    </ClCompile>
    <ClCompile Include="..\..\modules\demux\playlist\shoutcast.c">
      <Filter>modules\demux\playlist</Filter>
    </ClCompile>
    <ClCompile Include="..\..\modules\demux\playlist\wpl.c">
      <Filter>modules\demux\playlist</Filter>
    </ClCompile>
    <ClCompile Include="..\..\modules\demux\playlist\xspf.c">
      <Filter>modules\demux\playlist</Filter>
    </ClCompile>
    <ClCompile Include="..\..\modules\demux\playlist\zpl.c">
      <Filter>modules\demux\playlist</Filter>
    </ClCompile>
  </ItemGroup>
  <ItemGroup>
    <None Include="playlist.def">
      <Filter>Source Files</Filter>
    </None>
    <None Include="res\playlist.rc2">
      <Filter>Resource Files</Filter>
    </None>
    <None Include="ReadMe.txt" />
  </ItemGroup>
  <ItemGroup>
    <ClInclude Include="playlist.h">
      <Filter>Header Files</Filter>
    </ClInclude>
    <ClInclude Include="Resource.h">
      <Filter>Header Files</Filter>
    </ClInclude>
    <ClInclude Include="stdafx.h">
      <Filter>Header Files</Filter>
    </ClInclude>
  </ItemGroup>
  <ItemGroup>
    <ResourceCompile Include="playlist.rc">
      <Filter>Resource Files</Filter>
    </ResourceCompile>
  </ItemGroup>
</Project>