<?xml version="1.0" encoding="utf-8"?>
<Project ToolsVersion="4.0" xmlns="http://schemas.microsoft.com/developer/msbuild/2003">
  <ItemGroup>
    <Filter Include="Source Files">
      <UniqueIdentifier>{4FC737F1-C7A5-4376-A066-2A32D752A2FF}</UniqueIdentifier>
      <Extensions>cpp;c;cc;cxx;def;odl;idl;hpj;bat;asm;asmx</Extensions>
    </Filter>
    <Filter Include="Header Files">
      <UniqueIdentifier>{93995380-89BD-4b04-88EB-625FBE52EBFB}</UniqueIdentifier>
      <Extensions>h;hpp;hxx;hm;inl;inc;xsd</Extensions>
    </Filter>
    <Filter Include="Resource Files">
      <UniqueIdentifier>{67DA6AB6-F800-4c08-8B7A-83BB121AAD01}</UniqueIdentifier>
      <Extensions>rc;ico;cur;bmp;dlg;rc2;rct;bin;rgs;gif;jpg;jpeg;jpe;resx;tiff;tif;png;wav</Extensions>
    </Filter>
    <Filter Include="modules">
      <UniqueIdentifier>{6cdd9c4d-8711-4037-a0f3-c603e22d57b7}</UniqueIdentifier>
    </Filter>
    <Filter Include="modules\access">
      <UniqueIdentifier>{bb6e26a5-5670-43f0-9229-3f2952e471c2}</UniqueIdentifier>
    </Filter>
    <Filter Include="modules\access\zip">
      <UniqueIdentifier>{7b9bb8bf-74d5-432a-a99a-fa5f47c1696a}</UniqueIdentifier>
    </Filter>
    <Filter Include="modules\access\zip\unzip">
      <UniqueIdentifier>{476df381-0486-439a-9692-733706cd4a79}</UniqueIdentifier>
    </Filter>
  </ItemGroup>
  <ItemGroup>
    <ClCompile Include="stdafx.cpp">
      <Filter>Source Files</Filter>
    </ClCompile>
    <ClCompile Include="zip.cpp">
      <Filter>Source Files</Filter>
    </ClCompile>
    <ClCompile Include="..\..\modules\access\zip\zipaccess.c">
      <Filter>modules\access\zip</Filter>
    </ClCompile>
    <ClCompile Include="..\..\modules\access\zip\zipstream.c">
      <Filter>modules\access\zip</Filter>
    </ClCompile>
    <ClCompile Include="..\..\modules\access\zip\unzip\ioapi.c">
      <Filter>modules\access\zip\unzip</Filter>
    </ClCompile>
    <ClCompile Include="..\..\modules\access\zip\unzip\unzip.c">
      <Filter>modules\access\zip\unzip</Filter>
    </ClCompile>
  </ItemGroup>
  <ItemGroup>
    <None Include="zip.def">
      <Filter>Source Files</Filter>
    </None>
    <None Include="res\zip.rc2">
      <Filter>Resource Files</Filter>
    </None>
    <None Include="ReadMe.txt" />
  </ItemGroup>
  <ItemGroup>
    <ClInclude Include="Resource.h">
      <Filter>Header Files</Filter>
    </ClInclude>
    <ClInclude Include="stdafx.h">
      <Filter>Header Files</Filter>
    </ClInclude>
    <ClInclude Include="zip.h">
      <Filter>Header Files</Filter>
    </ClInclude>
  </ItemGroup>
  <ItemGroup>
    <ResourceCompile Include="zip.rc">
      <Filter>Resource Files</Filter>
    </ResourceCompile>
  </ItemGroup>
</Project>