<?xml version="1.0" encoding="utf-8"?>
<Project ToolsVersion="4.0" xmlns="http://schemas.microsoft.com/developer/msbuild/2003">
  <ItemGroup>
    <Filter Include="Source Files">
      <UniqueIdentifier>{4FC737F1-C7A5-4376-A066-2A32D752A2FF}</UniqueIdentifier>
      <Extensions>cpp;c;cc;cxx;def;odl;idl;hpj;bat;asm;asmx</Extensions>
    </Filter>
    <Filter Include="Header Files">
      <UniqueIdentifier>{93995380-89BD-4b04-88EB-625FBE52EBFB}</UniqueIdentifier>
      <Extensions>h;hpp;hxx;hm;inl;inc;xsd</Extensions>
    </Filter>
    <Filter Include="Resource Files">
      <UniqueIdentifier>{67DA6AB6-F800-4c08-8B7A-83BB121AAD01}</UniqueIdentifier>
      <Extensions>rc;ico;cur;bmp;dlg;rc2;rct;bin;rgs;gif;jpg;jpeg;jpe;resx;tiff;tif;png;wav</Extensions>
    </Filter>
    <Filter Include="modules">
      <UniqueIdentifier>{8fab45d5-5bfa-4462-9dcf-de21eb09429c}</UniqueIdentifier>
    </Filter>
    <Filter Include="modules\stream_filter">
      <UniqueIdentifier>{9ae0ea7b-01c7-457a-be72-e4e8037fccd2}</UniqueIdentifier>
    </Filter>
    <Filter Include="modules\stream_filter\smooth">
      <UniqueIdentifier>{640d7396-d62d-4963-9a00-822b50d62016}</UniqueIdentifier>
    </Filter>
  </ItemGroup>
  <ItemGroup>
    <ClCompile Include="smooth.cpp">
      <Filter>Source Files</Filter>
    </ClCompile>
    <ClCompile Include="stdafx.cpp">
      <Filter>Source Files</Filter>
    </ClCompile>
    <ClCompile Include="..\..\modules\stream_filter\smooth\downloader.c">
      <Filter>modules\stream_filter\smooth</Filter>
    </ClCompile>
    <ClCompile Include="..\..\modules\stream_filter\smooth\smooth.c">
      <Filter>modules\stream_filter\smooth</Filter>
    </ClCompile>
    <ClCompile Include="..\..\modules\stream_filter\smooth\utils.c">
      <Filter>modules\stream_filter\smooth</Filter>
    </ClCompile>
  </ItemGroup>
  <ItemGroup>
    <None Include="smooth.def">
      <Filter>Source Files</Filter>
    </None>
    <None Include="res\smooth.rc2">
      <Filter>Resource Files</Filter>
    </None>
    <None Include="ReadMe.txt" />
  </ItemGroup>
  <ItemGroup>
    <ClInclude Include="Resource.h">
      <Filter>Header Files</Filter>
    </ClInclude>
    <ClInclude Include="smooth.h">
      <Filter>Header Files</Filter>
    </ClInclude>
    <ClInclude Include="stdafx.h">
      <Filter>Header Files</Filter>
    </ClInclude>
  </ItemGroup>
  <ItemGroup>
    <ResourceCompile Include="smooth.rc">
      <Filter>Resource Files</Filter>
    </ResourceCompile>
  </ItemGroup>
</Project>