<?xml version="1.0" encoding="utf-8"?>
<Project ToolsVersion="4.0" xmlns="http://schemas.microsoft.com/developer/msbuild/2003">
  <ItemGroup>
    <Filter Include="Source Files">
      <UniqueIdentifier>{4FC737F1-C7A5-4376-A066-2A32D752A2FF}</UniqueIdentifier>
      <Extensions>cpp;c;cc;cxx;def;odl;idl;hpj;bat;asm;asmx</Extensions>
    </Filter>
    <Filter Include="Header Files">
      <UniqueIdentifier>{93995380-89BD-4b04-88EB-625FBE52EBFB}</UniqueIdentifier>
      <Extensions>h;hpp;hxx;hm;inl;inc;xsd</Extensions>
    </Filter>
    <Filter Include="Resource Files">
      <UniqueIdentifier>{67DA6AB6-F800-4c08-8B7A-83BB121AAD01}</UniqueIdentifier>
      <Extensions>rc;ico;cur;bmp;dlg;rc2;rct;bin;rgs;gif;jpg;jpeg;jpe;resx;tiff;tif;png;wav</Extensions>
    </Filter>
    <Filter Include="compat">
      <UniqueIdentifier>{d79d4b0e-76f1-4824-a4c6-610a55780404}</UniqueIdentifier>
    </Filter>
  </ItemGroup>
  <ItemGroup>
    <ClCompile Include="libcompat.cpp">
      <Filter>Source Files</Filter>
    </ClCompile>
    <ClCompile Include="stdafx.cpp">
      <Filter>Source Files</Filter>
    </ClCompile>
    <ClCompile Include="..\compat\asprintf.c">
      <Filter>compat</Filter>
    </ClCompile>
    <ClCompile Include="..\compat\flockfile.c">
      <Filter>compat</Filter>
    </ClCompile>
    <ClCompile Include="..\compat\getdelim.c">
      <Filter>compat</Filter>
    </ClCompile>
    <ClCompile Include="..\compat\inet_pton.c">
      <Filter>compat</Filter>
    </ClCompile>
    <ClCompile Include="..\compat\lldiv.c">
      <Filter>compat</Filter>
    </ClCompile>
    <ClCompile Include="..\compat\localtime_r.c">
      <Filter>compat</Filter>
    </ClCompile>
    <ClCompile Include="..\compat\nrand48.c">
      <Filter>compat</Filter>
    </ClCompile>
    <ClCompile Include="..\compat\poll.c">
      <Filter>compat</Filter>
    </ClCompile>
    <ClCompile Include="..\compat\strcasecmp.c">
      <Filter>compat</Filter>
    </ClCompile>
    <ClCompile Include="..\compat\strcasestr.c">
      <Filter>compat</Filter>
    </ClCompile>
    <ClCompile Include="..\compat\strlcpy.c">
      <Filter>compat</Filter>
    </ClCompile>
    <ClCompile Include="..\compat\strncasecmp.c">
      <Filter>compat</Filter>
    </ClCompile>
    <ClCompile Include="..\compat\strndup.c">
      <Filter>compat</Filter>
    </ClCompile>
    <ClCompile Include="..\compat\strsep.c">
      <Filter>compat</Filter>
    </ClCompile>
    <ClCompile Include="..\compat\strtof.c">
      <Filter>compat</Filter>
    </ClCompile>
    <ClCompile Include="..\compat\strtok_r.c">
      <Filter>compat</Filter>
    </ClCompile>
    <ClCompile Include="..\compat\strverscmp.c">
      <Filter>compat</Filter>
    </ClCompile>
    <ClCompile Include="..\compat\vasprintf.c">
      <Filter>compat</Filter>
    </ClCompile>
  </ItemGroup>
  <ItemGroup>
    <None Include="libcompat.def">
      <Filter>Source Files</Filter>
    </None>
    <None Include="res\libcompat.rc2">
      <Filter>Resource Files</Filter>
    </None>
    <None Include="ReadMe.txt" />
  </ItemGroup>
  <ItemGroup>
    <ClInclude Include="libcompat.h">
      <Filter>Header Files</Filter>
    </ClInclude>
    <ClInclude Include="Resource.h">
      <Filter>Header Files</Filter>
    </ClInclude>
    <ClInclude Include="stdafx.h">
      <Filter>Header Files</Filter>
    </ClInclude>
  </ItemGroup>
  <ItemGroup>
    <ResourceCompile Include="libcompat.rc">
      <Filter>Resource Files</Filter>
    </ResourceCompile>
  </ItemGroup>
</Project>